{
  "requires": true,
  "lockfileVersion": 1,
  "dependencies": {
    "gsap": {
      "version": "3.2.5",
      "resolved": "https://registry.npmjs.org/gsap/-/gsap-3.2.5.tgz",
      "integrity": "sha512-3D5YZFnuoTj8hkMREadLq4+joYIGk+XE7DUVzWRu5ErtyfrDqRNDKFLMvJBsZP1u8VlMpcqFXmPBCZjKjOUbQw=="
    }
  }
}
